# THIS IS AN AUTOGENERATED FILE. DO NOT EDIT THIS FILE DIRECTLY.
# yarn lockfile v1


components@^0.1.0:
  version "0.1.0"
  resolved "https://registry.yarnpkg.com/components/-/components-0.1.0.tgz#2057c08e9c7bf2662feec95c49e5ff2a9ab85ed5"
  integrity sha512-4xKUO3dL9LBs8WiOKy2kvLfnwKZLps9xDT5cFS0GL4UiXrr/dNUYus7Uf1bRPG66cUpEmwFAWVOlE9cxQgG+QA==

styled@^1.0.0:
  version "1.0.0"
  resolved "https://registry.yarnpkg.com/styled/-/styled-1.0.0.tgz#4b4ff3b5df061016870abfd7177ff6916eaedc60"
  integrity sha512-mPbinkDY7K//Jxi7hZBNSiUF3Q9LE8NHrlUuQXLHCFZcVJeSXQh/Kn4C7lWf8Obre3iyYHo0OqA3WptZrwST/A==
